// !$*UTF8*$!
{
	archiveVersion = 1;
	classes = {
	};
	objectVersion = 60;
	objects = {

/* Begin PBXBuildFile section */
		1B52CE4353B1985075CBD8BE /* ListCommand.swift in Sources */ = {isa = PBXBuildFile; fileRef = E27D14386BC17BB0CEE178AB /* ListCommand.swift */; };
		1C20B5CC7293A83F7DD9CD59 /* flint-cli in Embed CLI */ = {isa = PBXBuildFile; fileRef = 29FA3805DF14D75E1E3EF894 /* flint-cli */; settings = {ATTRIBUTES = (RemoveHeadersOnCopy, ); }; };
		220EFCB870C04FEC9D62B014 /* CreateCommand.swift in Sources */ = {isa = PBXBuildFile; fileRef = A523F627F57E251A6ED72615 /* CreateCommand.swift */; };
		23D1A0C3E2EF4337B0AECE06 /* DesignSystemHelper.swift in Sources */ = {isa = PBXBuildFile; fileRef = 23D1A0C3E2EF4337B0AECE07 /* DesignSystemHelper.swift */; };
		386778058C71E1C59ADE4E6A /* EditCommand.swift in Sources */ = {isa = PBXBuildFile; fileRef = B7A6D27D5BCB7CE3B729BEC9 /* EditCommand.swift */; };
		4BD372D836692CCBCBC5BAE2 /* StatusCommand.swift in Sources */ = {isa = PBXBuildFile; fileRef = 2AA997EDCA23CDFF6582931F /* StatusCommand.swift */; };
		50AC18A8B8A29CDD05B500EB /* AutoUpdate.swift in Sources */ = {isa = PBXBuildFile; fileRef = A35E117D2CF9F65400EF949D /* AutoUpdate.swift */; };
		5445373BFBA752410306AC58 /* main.swift in Sources */ = {isa = PBXBuildFile; fileRef = 1C50774F594DE06ED0F6FC8B /* main.swift */; };
		5A996460195DA29EBD1396F4 /* Cocoa.framework in Frameworks */ = {isa = PBXBuildFile; fileRef = CBA83FE4FFDCFD4F56C0170D /* Cocoa.framework */; };
		68BE676E62974C1F9C1FBF9B /* ReadCommand.swift in Sources */ = {isa = PBXBuildFile; fileRef = EA454EB51A34C5E6726ED00B /* ReadCommand.swift */; };
		6F10926902294D4C551A4DE4 /* FileManagerExtend.swift in Sources */ = {isa = PBXBuildFile; fileRef = A3717AC82CF600890073E925 /* FileManagerExtend.swift */; };
		A30FF3812CDFDA000034F9DC /* TitleBarView.swift in Sources */ = {isa = PBXBuildFile; fileRef = A30FF3802CDFDA000034F9DC /* TitleBarView.swift */; };
		A30FF3902CE084E10034F9DC /* MainWindowController.swift in Sources */ = {isa = PBXBuildFile; fileRef = A30FF38F2CE084E10034F9DC /* MainWindowController.swift */; };
		A30FF3962CE105880034F9DC /* markdownconfig.json in Resources */ = {isa = PBXBuildFile; fileRef = A30FF3952CE1057D0034F9DC /* markdownconfig.json */; };
		A31138172D22D9A400E72E99 /* LoginManager.swift in Sources */ = {isa = PBXBuildFile; fileRef = A31138162D22D9A400E72E99 /* LoginManager.swift */; };
		A32036C12D56440D00803BE8 /* AppleScriptManager.swift in Sources */ = {isa = PBXBuildFile; fileRef = A32036C02D56440D00803BE8 /* AppleScriptManager.swift */; };
		A32671EC2CF8D15100162AF4 /* checkUpdates.swift in Sources */ = {isa = PBXBuildFile; fileRef = A32671EB2CF8D15100162AF4 /* checkUpdates.swift */; };
		A344E4852CF4D27B001DBF27 /* RecentNotesListView.swift in Sources */ = {isa = PBXBuildFile; fileRef = A344E4842CF4D27B001DBF27 /* RecentNotesListView.swift */; };
		A35E117E2CF9F65400EF949D /* AutoUpdate.swift in Sources */ = {isa = PBXBuildFile; fileRef = A35E117D2CF9F65400EF949D /* AutoUpdate.swift */; };
		A3717AC92CF600890073E925 /* FileManagerExtend.swift in Sources */ = {isa = PBXBuildFile; fileRef = A3717AC82CF600890073E925 /* FileManagerExtend.swift */; };
		A37C396B2D5E4E3A003EBCC6 /* KeyboardShortcuts in Frameworks */ = {isa = PBXBuildFile; productRef = A37C396A2D5E4E3A003EBCC6 /* KeyboardShortcuts */; };
		A37C396D2D5E501F003EBCC6 /* KeyboardShortcutNames.swift in Sources */ = {isa = PBXBuildFile; fileRef = A37C396C2D5E501F003EBCC6 /* KeyboardShortcutNames.swift */; };
		A37D47352CDE6ECE00B2E727 /* FlintApp.swift in Sources */ = {isa = PBXBuildFile; fileRef = A37D47342CDE6ECE00B2E727 /* FlintApp.swift */; };
		A37D47372CDE6ECE00B2E727 /* ContentView.swift in Sources */ = {isa = PBXBuildFile; fileRef = A37D47362CDE6ECE00B2E727 /* ContentView.swift */; };
		A37D47392CDE6ECF00B2E727 /* Assets.xcassets in Resources */ = {isa = PBXBuildFile; fileRef = A37D47382CDE6ECF00B2E727 /* Assets.xcassets */; };
		A37D473C2CDE6ECF00B2E727 /* Preview Assets.xcassets in Resources */ = {isa = PBXBuildFile; fileRef = A37D473B2CDE6ECF00B2E727 /* Preview Assets.xcassets */; };
		A37D47472CDE6ECF00B2E727 /* FlintTests.swift in Sources */ = {isa = PBXBuildFile; fileRef = A37D47462CDE6ECF00B2E727 /* FlintTests.swift */; };
		A37D47512CDE6ECF00B2E727 /* FlintUITests.swift in Sources */ = {isa = PBXBuildFile; fileRef = A37D47502CDE6ECF00B2E727 /* FlintUITests.swift */; };
		A37D47532CDE6ECF00B2E727 /* FlintUITestsLaunchTests.swift in Sources */ = {isa = PBXBuildFile; fileRef = A37D47522CDE6ECF00B2E727 /* FlintUITestsLaunchTests.swift */; };
		A3847FA62CFF3C3300722D35 /* SettingsListView.swift in Sources */ = {isa = PBXBuildFile; fileRef = A3847FA52CFF3C3300722D35 /* SettingsListView.swift */; };
		A398BF7F2D394A6D00187871 /* AppConfig.swift in Sources */ = {isa = PBXBuildFile; fileRef = A398BF7E2D394A6D00187871 /* AppConfig.swift */; };
		A3A50DA42D3AB27D00382A2A /* OnboardingView.swift in Sources */ = {isa = PBXBuildFile; fileRef = A3A50DA32D3AB27D00382A2A /* OnboardingView.swift */; };
		A3A50DA62D3AB2FD00382A2A /* OnboardingWindowController.swift in Sources */ = {isa = PBXBuildFile; fileRef = A3A50DA52D3AB2FD00382A2A /* OnboardingWindowController.swift */; };
		A3AICONF2D910A0100000001 /* AIConfirmationView.swift in Sources */ = {isa = PBXBuildFile; fileRef = A3AICONF2D910A0100000002 /* AIConfirmationView.swift */; };
		A3B009EE2CF2EF020095F75C /* KeyEventHandler.swift in Sources */ = {isa = PBXBuildFile; fileRef = A3B009ED2CF2EF020095F75C /* KeyEventHandler.swift */; };
		A3B1E21E2CF3330700C75E71 /* SettingsView.swift in Sources */ = {isa = PBXBuildFile; fileRef = A3B1E21D2CF3330700C75E71 /* SettingsView.swift */; };
		A3B7BB772F72F2E400EAC25D /* flink-brands.icon in Resources */ = {isa = PBXBuildFile; fileRef = A3B7BB762F72F2E400EAC25D /* flink-brands.icon */; };
		A3CB263D2D4543F50000D8E0 /* Summarize.swift in Sources */ = {isa = PBXBuildFile; fileRef = A3CB263C2D4543F50000D8E0 /* Summarize.swift */; };
		A3F6F1A02D8ECA3800982367 /* AppStorageManager.swift in Sources */ = {isa = PBXBuildFile; fileRef = A3F6F19F2D8ECA3800982367 /* AppStorageManager.swift */; };
		A3INTENT2D910A0100000001 /* IntentModels.swift in Sources */ = {isa = PBXBuildFile; fileRef = A3INTENT2D910A0100000002 /* IntentModels.swift */; };
		A3NOTIFS2D910A0100000001 /* NotificationService.swift in Sources */ = {isa = PBXBuildFile; fileRef = A3NOTIFS2D910A0100000002 /* NotificationService.swift */; };
		A3REMIND2D910A0100000001 /* ReminderService.swift in Sources */ = {isa = PBXBuildFile; fileRef = A3REMIND2D910A0100000002 /* ReminderService.swift */; };
		A3TEXTM3TR1C52D93A1B00001 /* TextMetrics.swift in Sources */ = {isa = PBXBuildFile; fileRef = A3TEXTM3TR1C52D93A1B00002 /* TextMetrics.swift */; };
		BC7C229CDF8357F7882C95A3 /* ArgumentParser in Frameworks */ = {isa = PBXBuildFile; productRef = A315A8F6841829640E58BAA0 /* ArgumentParser */; };
		D070EFA941FDDF331340ED07 /* NoteResolver.swift in Sources */ = {isa = PBXBuildFile; fileRef = FD8DEE77813EADF0D3B7BA8E /* NoteResolver.swift */; };
		DF7BDDBBD1B80D6D605630E6 /* CLIVersion.swift in Sources */ = {isa = PBXBuildFile; fileRef = 3F14C8993CA086D14941086F /* CLIVersion.swift */; };
		E0D610EB457A358F69DCDA73 /* RemoveCommand.swift in Sources */ = {isa = PBXBuildFile; fileRef = F7B235565D9DCAD064DDACCB /* RemoveCommand.swift */; };
		F50BFF8562DB569AE90DA0FE /* SearchCommand.swift in Sources */ = {isa = PBXBuildFile; fileRef = D30F69AFDCC15A481321F6AD /* SearchCommand.swift */; };
		FC1DEC28000748A9AD5B9F44 /* VisualEffects.swift in Sources */ = {isa = PBXBuildFile; fileRef = FC1DEC28000748A9AD5B9F45 /* VisualEffects.swift */; };
/* End PBXBuildFile section */

/* Begin PBXContainerItemProxy section */
		2A52D64D748C8E29AB0C256D /* PBXContainerItemProxy */ = {
			isa = PBXContainerItemProxy;
			containerPortal = A37D47292CDE6ECE00B2E727 /* Project object */;
			proxyType = 1;
			remoteGlobalIDString = 1994C2DA670F42D79CC7D9C3;
			remoteInfo = "flint-cli";
		};
		A37D47432CDE6ECF00B2E727 /* PBXContainerItemProxy */ = {
			isa = PBXContainerItemProxy;
			containerPortal = A37D47292CDE6ECE00B2E727 /* Project object */;
			proxyType = 1;
			remoteGlobalIDString = A37D47302CDE6ECE00B2E727;
			remoteInfo = Flint;
		};
		A37D474D2CDE6ECF00B2E727 /* PBXContainerItemProxy */ = {
			isa = PBXContainerItemProxy;
			containerPortal = A37D47292CDE6ECE00B2E727 /* Project object */;
			proxyType = 1;
			remoteGlobalIDString = A37D47302CDE6ECE00B2E727;
			remoteInfo = Flint;
		};
/* End PBXContainerItemProxy section */

/* Begin PBXCopyFilesBuildPhase section */
		CE52A5DE1810062CD52906ED /* Embed CLI */ = {
			isa = PBXCopyFilesBuildPhase;
			buildActionMask = 2147483647;
			dstPath = "";
			dstSubfolderSpec = 7;
			files = (
				1C20B5CC7293A83F7DD9CD59 /* flint-cli in Embed CLI */,
			);
			name = "Embed CLI";
			runOnlyForDeploymentPostprocessing = 0;
		};
/* End PBXCopyFilesBuildPhase section */

/* Begin PBXFileReference section */
		1C50774F594DE06ED0F6FC8B /* main.swift */ = {isa = PBXFileReference; includeInIndex = 1; lastKnownFileType = sourcecode.swift; path = main.swift; sourceTree = "<group>"; };
		23D1A0C3E2EF4337B0AECE07 /* DesignSystemHelper.swift */ = {isa = PBXFileReference; lastKnownFileType = sourcecode.swift; path = DesignSystemHelper.swift; sourceTree = "<group>"; };
		29FA3805DF14D75E1E3EF894 /* flint-cli */ = {isa = PBXFileReference; includeInIndex = 0; lastKnownFileType = text; path = "flint-cli"; sourceTree = BUILT_PRODUCTS_DIR; };
		2AA997EDCA23CDFF6582931F /* StatusCommand.swift */ = {isa = PBXFileReference; includeInIndex = 1; lastKnownFileType = sourcecode.swift; path = StatusCommand.swift; sourceTree = "<group>"; };
		3F14C8993CA086D14941086F /* CLIVersion.swift */ = {isa = PBXFileReference; includeInIndex = 1; lastKnownFileType = sourcecode.swift; path = CLIVersion.swift; sourceTree = "<group>"; };
		A30FF3802CDFDA000034F9DC /* TitleBarView.swift */ = {isa = PBXFileReference; lastKnownFileType = sourcecode.swift; path = TitleBarView.swift; sourceTree = "<group>"; };
		A30FF38F2CE084E10034F9DC /* MainWindowController.swift */ = {isa = PBXFileReference; lastKnownFileType = sourcecode.swift; path = MainWindowController.swift; sourceTree = "<group>"; };
		A30FF3952CE1057D0034F9DC /* markdownconfig.json */ = {isa = PBXFileReference; lastKnownFileType = text.json; path = markdownconfig.json; sourceTree = "<group>"; };
		A31138162D22D9A400E72E99 /* LoginManager.swift */ = {isa = PBXFileReference; lastKnownFileType = sourcecode.swift; path = LoginManager.swift; sourceTree = "<group>"; };
		A32036C02D56440D00803BE8 /* AppleScriptManager.swift */ = {isa = PBXFileReference; lastKnownFileType = sourcecode.swift; path = AppleScriptManager.swift; sourceTree = "<group>"; };
		A32671EB2CF8D15100162AF4 /* checkUpdates.swift */ = {isa = PBXFileReference; lastKnownFileType = sourcecode.swift; path = checkUpdates.swift; sourceTree = "<group>"; };
		A344E4842CF4D27B001DBF27 /* RecentNotesListView.swift */ = {isa = PBXFileReference; lastKnownFileType = sourcecode.swift; path = RecentNotesListView.swift; sourceTree = "<group>"; };
		A35E117D2CF9F65400EF949D /* AutoUpdate.swift */ = {isa = PBXFileReference; lastKnownFileType = sourcecode.swift; path = AutoUpdate.swift; sourceTree = "<group>"; };
		A3717AC82CF600890073E925 /* FileManagerExtend.swift */ = {isa = PBXFileReference; lastKnownFileType = sourcecode.swift; path = FileManagerExtend.swift; sourceTree = "<group>"; };
		A37C396C2D5E501F003EBCC6 /* KeyboardShortcutNames.swift */ = {isa = PBXFileReference; lastKnownFileType = sourcecode.swift; path = KeyboardShortcutNames.swift; sourceTree = "<group>"; };
		A37D47312CDE6ECE00B2E727 /* Flint.app */ = {isa = PBXFileReference; explicitFileType = wrapper.application; includeInIndex = 0; path = Flint.app; sourceTree = BUILT_PRODUCTS_DIR; };
		A37D47342CDE6ECE00B2E727 /* FlintApp.swift */ = {isa = PBXFileReference; lastKnownFileType = sourcecode.swift; path = FlintApp.swift; sourceTree = "<group>"; };
		A37D47362CDE6ECE00B2E727 /* ContentView.swift */ = {isa = PBXFileReference; lastKnownFileType = sourcecode.swift; path = ContentView.swift; sourceTree = "<group>"; };
		A37D47382CDE6ECF00B2E727 /* Assets.xcassets */ = {isa = PBXFileReference; lastKnownFileType = folder.assetcatalog; path = Assets.xcassets; sourceTree = "<group>"; };
		A37D473B2CDE6ECF00B2E727 /* Preview Assets.xcassets */ = {isa = PBXFileReference; lastKnownFileType = folder.assetcatalog; path = "Preview Assets.xcassets"; sourceTree = "<group>"; };
		A37D473D2CDE6ECF00B2E727 /* Flint.entitlements */ = {isa = PBXFileReference; lastKnownFileType = text.plist.entitlements; path = Flint.entitlements; sourceTree = "<group>"; };
		A37D47422CDE6ECF00B2E727 /* FlintTests.xctest */ = {isa = PBXFileReference; explicitFileType = wrapper.cfbundle; includeInIndex = 0; path = FlintTests.xctest; sourceTree = BUILT_PRODUCTS_DIR; };
		A37D47462CDE6ECF00B2E727 /* FlintTests.swift */ = {isa = PBXFileReference; lastKnownFileType = sourcecode.swift; path = FlintTests.swift; sourceTree = "<group>"; };
		A37D474C2CDE6ECF00B2E727 /* FlintUITests.xctest */ = {isa = PBXFileReference; explicitFileType = wrapper.cfbundle; includeInIndex = 0; path = FlintUITests.xctest; sourceTree = BUILT_PRODUCTS_DIR; };
		A37D47502CDE6ECF00B2E727 /* FlintUITests.swift */ = {isa = PBXFileReference; lastKnownFileType = sourcecode.swift; path = FlintUITests.swift; sourceTree = "<group>"; };
		A37D47522CDE6ECF00B2E727 /* FlintUITestsLaunchTests.swift */ = {isa = PBXFileReference; lastKnownFileType = sourcecode.swift; path = FlintUITestsLaunchTests.swift; sourceTree = "<group>"; };
		A3847FA52CFF3C3300722D35 /* SettingsListView.swift */ = {isa = PBXFileReference; lastKnownFileType = sourcecode.swift; path = SettingsListView.swift; sourceTree = "<group>"; };
		A398BF7E2D394A6D00187871 /* AppConfig.swift */ = {isa = PBXFileReference; lastKnownFileType = sourcecode.swift; path = AppConfig.swift; sourceTree = "<group>"; };
		A3A50DA32D3AB27D00382A2A /* OnboardingView.swift */ = {isa = PBXFileReference; lastKnownFileType = sourcecode.swift; path = OnboardingView.swift; sourceTree = "<group>"; };
		A3A50DA52D3AB2FD00382A2A /* OnboardingWindowController.swift */ = {isa = PBXFileReference; lastKnownFileType = sourcecode.swift; path = OnboardingWindowController.swift; sourceTree = "<group>"; };
		A3AICONF2D910A0100000002 /* AIConfirmationView.swift */ = {isa = PBXFileReference; lastKnownFileType = sourcecode.swift; path = AIConfirmationView.swift; sourceTree = "<group>"; };
		A3B009ED2CF2EF020095F75C /* KeyEventHandler.swift */ = {isa = PBXFileReference; lastKnownFileType = sourcecode.swift; path = KeyEventHandler.swift; sourceTree = "<group>"; };
		A3B1E21D2CF3330700C75E71 /* SettingsView.swift */ = {isa = PBXFileReference; lastKnownFileType = sourcecode.swift; path = SettingsView.swift; sourceTree = "<group>"; };
		A3B7BB762F72F2E400EAC25D /* flink-brands.icon */ = {isa = PBXFileReference; lastKnownFileType = folder.iconcomposer.icon; path = "flink-brands.icon"; sourceTree = "<group>"; };
		A3CB263C2D4543F50000D8E0 /* Summarize.swift */ = {isa = PBXFileReference; lastKnownFileType = sourcecode.swift; path = Summarize.swift; sourceTree = "<group>"; };
		A3F6F19F2D8ECA3800982367 /* AppStorageManager.swift */ = {isa = PBXFileReference; lastKnownFileType = sourcecode.swift; path = AppStorageManager.swift; sourceTree = "<group>"; };
		A3INTENT2D910A0100000002 /* IntentModels.swift */ = {isa = PBXFileReference; lastKnownFileType = sourcecode.swift; path = IntentModels.swift; sourceTree = "<group>"; };
		A3NOTIFS2D910A0100000002 /* NotificationService.swift */ = {isa = PBXFileReference; lastKnownFileType = sourcecode.swift; path = NotificationService.swift; sourceTree = "<group>"; };
		A3REMIND2D910A0100000002 /* ReminderService.swift */ = {isa = PBXFileReference; lastKnownFileType = sourcecode.swift; path = ReminderService.swift; sourceTree = "<group>"; };
		A3TEXTM3TR1C52D93A1B00002 /* TextMetrics.swift */ = {isa = PBXFileReference; lastKnownFileType = sourcecode.swift; path = TextMetrics.swift; sourceTree = "<group>"; };
		A523F627F57E251A6ED72615 /* CreateCommand.swift */ = {isa = PBXFileReference; includeInIndex = 1; lastKnownFileType = sourcecode.swift; path = CreateCommand.swift; sourceTree = "<group>"; };
		B7A6D27D5BCB7CE3B729BEC9 /* EditCommand.swift */ = {isa = PBXFileReference; includeInIndex = 1; lastKnownFileType = sourcecode.swift; path = EditCommand.swift; sourceTree = "<group>"; };
		CBA83FE4FFDCFD4F56C0170D /* Cocoa.framework */ = {isa = PBXFileReference; lastKnownFileType = wrapper.framework; name = Cocoa.framework; path = Platforms/MacOSX.platform/Developer/SDKs/MacOSX10.15.sdk/System/Library/Frameworks/Cocoa.framework; sourceTree = DEVELOPER_DIR; };
		D30F69AFDCC15A481321F6AD /* SearchCommand.swift */ = {isa = PBXFileReference; includeInIndex = 1; lastKnownFileType = sourcecode.swift; path = SearchCommand.swift; sourceTree = "<group>"; };
		E27D14386BC17BB0CEE178AB /* ListCommand.swift */ = {isa = PBXFileReference; includeInIndex = 1; lastKnownFileType = sourcecode.swift; path = ListCommand.swift; sourceTree = "<group>"; };
		EA454EB51A34C5E6726ED00B /* ReadCommand.swift */ = {isa = PBXFileReference; includeInIndex = 1; lastKnownFileType = sourcecode.swift; path = ReadCommand.swift; sourceTree = "<group>"; };
		F7B235565D9DCAD064DDACCB /* RemoveCommand.swift */ = {isa = PBXFileReference; includeInIndex = 1; lastKnownFileType = sourcecode.swift; path = RemoveCommand.swift; sourceTree = "<group>"; };
		FC1DEC28000748A9AD5B9F45 /* VisualEffects.swift */ = {isa = PBXFileReference; lastKnownFileType = sourcecode.swift; path = VisualEffects.swift; sourceTree = "<group>"; };
		FD8DEE77813EADF0D3B7BA8E /* NoteResolver.swift */ = {isa = PBXFileReference; includeInIndex = 1; lastKnownFileType = sourcecode.swift; path = NoteResolver.swift; sourceTree = "<group>"; };
/* End PBXFileReference section */

/* Begin PBXFrameworksBuildPhase section */
		177002246BAB6A9DCB9BDF21 /* Frameworks */ = {
			isa = PBXFrameworksBuildPhase;
			buildActionMask = 2147483647;
			files = (
				5A996460195DA29EBD1396F4 /* Cocoa.framework in Frameworks */,
				BC7C229CDF8357F7882C95A3 /* ArgumentParser in Frameworks */,
			);
			runOnlyForDeploymentPostprocessing = 0;
		};
		A37D472E2CDE6ECE00B2E727 /* Frameworks */ = {
			isa = PBXFrameworksBuildPhase;
			buildActionMask = 2147483647;
			files = (
				A37C396B2D5E4E3A003EBCC6 /* KeyboardShortcuts in Frameworks */,
			);
			runOnlyForDeploymentPostprocessing = 0;
		};
		A37D473F2CDE6ECF00B2E727 /* Frameworks */ = {
			isa = PBXFrameworksBuildPhase;
			buildActionMask = 2147483647;
			files = (
			);
			runOnlyForDeploymentPostprocessing = 0;
		};
		A37D47492CDE6ECF00B2E727 /* Frameworks */ = {
			isa = PBXFrameworksBuildPhase;
			buildActionMask = 2147483647;
			files = (
			);
			runOnlyForDeploymentPostprocessing = 0;
		};
/* End PBXFrameworksBuildPhase section */

/* Begin PBXGroup section */
		61F7166693212B920709AAA5 /* OS X */ = {
			isa = PBXGroup;
			children = (
				CBA83FE4FFDCFD4F56C0170D /* Cocoa.framework */,
			);
			name = "OS X";
			sourceTree = "<group>";
		};
		82949F51FCBCF2C138A5F560 /* Services */ = {
			isa = PBXGroup;
			children = (
				A3INTENT2D910A0100000002 /* IntentModels.swift */,
				A3REMIND2D910A0100000002 /* ReminderService.swift */,
				A3NOTIFS2D910A0100000002 /* NotificationService.swift */,
			);
			path = Services;
			sourceTree = "<group>";
		};
		875ED437FD750697711C0A19 /* Commands */ = {
			isa = PBXGroup;
			children = (
				A523F627F57E251A6ED72615 /* CreateCommand.swift */,
				E27D14386BC17BB0CEE178AB /* ListCommand.swift */,
				D30F69AFDCC15A481321F6AD /* SearchCommand.swift */,
				EA454EB51A34C5E6726ED00B /* ReadCommand.swift */,
				B7A6D27D5BCB7CE3B729BEC9 /* EditCommand.swift */,
				F7B235565D9DCAD064DDACCB /* RemoveCommand.swift */,
				2AA997EDCA23CDFF6582931F /* StatusCommand.swift */,
			);
			path = Commands;
			sourceTree = "<group>";
		};
		A30FF37F2CDFD9D20034F9DC /* ContentViewComponents */ = {
			isa = PBXGroup;
			children = (
				A30FF3802CDFDA000034F9DC /* TitleBarView.swift */,
				A344E4842CF4D27B001DBF27 /* RecentNotesListView.swift */,
				A3847FA52CFF3C3300722D35 /* SettingsListView.swift */,
			);
			path = ContentViewComponents;
			sourceTree = "<group>";
		};
		A30FF3922CE102F30034F9DC /* Frameworks */ = {
			isa = PBXGroup;
			children = (
				61F7166693212B920709AAA5 /* OS X */,
			);
			name = Frameworks;
			sourceTree = "<group>";
		};
		A3243A372CF0E6EC009D39FF /* Utils */ = {
			isa = PBXGroup;
			children = (
				A3B7BB762F72F2E400EAC25D /* flink-brands.icon */,
				23D1A0C3E2EF4337B0AECE07 /* DesignSystemHelper.swift */,
				FC1DEC28000748A9AD5B9F45 /* VisualEffects.swift */,
				A3B009ED2CF2EF020095F75C /* KeyEventHandler.swift */,
				A3717AC82CF600890073E925 /* FileManagerExtend.swift */,
				A32671EB2CF8D15100162AF4 /* checkUpdates.swift */,
				A35E117D2CF9F65400EF949D /* AutoUpdate.swift */,
				A31138162D22D9A400E72E99 /* LoginManager.swift */,
				A32036C02D56440D00803BE8 /* AppleScriptManager.swift */,
				A3TEXTM3TR1C52D93A1B00002 /* TextMetrics.swift */,
			);
			path = Utils;
			sourceTree = "<group>";
		};
		A35B0BAF2D2019BE00E277FA /* APIs */ = {
			isa = PBXGroup;
			children = (
				A3CB263C2D4543F50000D8E0 /* Summarize.swift */,
			);
			path = APIs;
			sourceTree = "<group>";
		};
		A37D47282CDE6ECE00B2E727 = {
			isa = PBXGroup;
			children = (
				A37D47332CDE6ECE00B2E727 /* Flint */,
				A37D47452CDE6ECF00B2E727 /* FlintTests */,
				A37D474F2CDE6ECF00B2E727 /* FlintUITests */,
				A37D47322CDE6ECE00B2E727 /* Products */,
				A30FF3922CE102F30034F9DC /* Frameworks */,
				FBF0D64F53B8D2D5F767CD81 /* FlintCLI */,
			);
			sourceTree = "<group>";
		};
		A37D47322CDE6ECE00B2E727 /* Products */ = {
			isa = PBXGroup;
			children = (
				A37D47312CDE6ECE00B2E727 /* Flint.app */,
				A37D47422CDE6ECF00B2E727 /* FlintTests.xctest */,
				A37D474C2CDE6ECF00B2E727 /* FlintUITests.xctest */,
				29FA3805DF14D75E1E3EF894 /* flint-cli */,
			);
			name = Products;
			sourceTree = "<group>";
		};
		A37D47332CDE6ECE00B2E727 /* Flint */ = {
			isa = PBXGroup;
			children = (
				A3A50DA22D3AB13B00382A2A /* Onboarding */,
				A35B0BAF2D2019BE00E277FA /* APIs */,
				A398BF822D3966CB00187871 /* Configs */,
				A398BF812D3966A400187871 /* Settings */,
				A398BF802D39666F00187871 /* Note */,
				A3243A372CF0E6EC009D39FF /* Utils */,
				A37D47342CDE6ECE00B2E727 /* FlintApp.swift */,
				A30FF38F2CE084E10034F9DC /* MainWindowController.swift */,
				A37D47382CDE6ECF00B2E727 /* Assets.xcassets */,
				A37D473D2CDE6ECF00B2E727 /* Flint.entitlements */,
				A37D473A2CDE6ECF00B2E727 /* Preview Content */,
				82949F51FCBCF2C138A5F560 /* Services */,
				A3VIEWS2D910A0100000003 /* Views */,
			);
			path = Flint;
			sourceTree = "<group>";
		};
		A37D473A2CDE6ECF00B2E727 /* Preview Content */ = {
			isa = PBXGroup;
			children = (
				A37D473B2CDE6ECF00B2E727 /* Preview Assets.xcassets */,
			);
			path = "Preview Content";
			sourceTree = "<group>";
		};
		A37D47452CDE6ECF00B2E727 /* FlintTests */ = {
			isa = PBXGroup;
			children = (
				A37D47462CDE6ECF00B2E727 /* FlintTests.swift */,
			);
			path = FlintTests;
			sourceTree = "<group>";
		};
		A37D474F2CDE6ECF00B2E727 /* FlintUITests */ = {
			isa = PBXGroup;
			children = (
				A37D47502CDE6ECF00B2E727 /* FlintUITests.swift */,
				A37D47522CDE6ECF00B2E727 /* FlintUITestsLaunchTests.swift */,
			);
			path = FlintUITests;
			sourceTree = "<group>";
		};
		A398BF802D39666F00187871 /* Note */ = {
			isa = PBXGroup;
			children = (
				A37D47362CDE6ECE00B2E727 /* ContentView.swift */,
				A30FF37F2CDFD9D20034F9DC /* ContentViewComponents */,
			);
			path = Note;
			sourceTree = "<group>";
		};
		A398BF812D3966A400187871 /* Settings */ = {
			isa = PBXGroup;
			children = (
				A3B1E21D2CF3330700C75E71 /* SettingsView.swift */,
			);
			path = Settings;
			sourceTree = "<group>";
		};
		A398BF822D3966CB00187871 /* Configs */ = {
			isa = PBXGroup;
			children = (
				A37C396C2D5E501F003EBCC6 /* KeyboardShortcutNames.swift */,
				A398BF7E2D394A6D00187871 /* AppConfig.swift */,
				A30FF3952CE1057D0034F9DC /* markdownconfig.json */,
				A3F6F19F2D8ECA3800982367 /* AppStorageManager.swift */,
			);
			path = Configs;
			sourceTree = "<group>";
		};
		A3A50DA22D3AB13B00382A2A /* Onboarding */ = {
			isa = PBXGroup;
			children = (
				A3A50DA32D3AB27D00382A2A /* OnboardingView.swift */,
				A3A50DA52D3AB2FD00382A2A /* OnboardingWindowController.swift */,
			);
			path = Onboarding;
			sourceTree = "<group>";
		};
		A3VIEWS2D910A0100000003 /* Views */ = {
			isa = PBXGroup;
			children = (
				A3AICONF2D910A0100000002 /* AIConfirmationView.swift */,
			);
			path = Views;
			sourceTree = "<group>";
		};
		E680FEDBD8A13C997FD3E76A /* Helpers */ = {
			isa = PBXGroup;
			children = (
				FD8DEE77813EADF0D3B7BA8E /* NoteResolver.swift */,
			);
			path = Helpers;
			sourceTree = "<group>";
		};
		FBF0D64F53B8D2D5F767CD81 /* FlintCLI */ = {
			isa = PBXGroup;
			children = (
				875ED437FD750697711C0A19 /* Commands */,
				E680FEDBD8A13C997FD3E76A /* Helpers */,
				1C50774F594DE06ED0F6FC8B /* main.swift */,
				3F14C8993CA086D14941086F /* CLIVersion.swift */,
			);
			path = FlintCLI;
			sourceTree = "<group>";
		};
/* End PBXGroup section */

/* Begin PBXNativeTarget section */
		1994C2DA670F42D79CC7D9C3 /* flint-cli */ = {
			isa = PBXNativeTarget;
			buildConfigurationList = 93E7146BFE5E20EDD153D864 /* Build configuration list for PBXNativeTarget "flint-cli" */;
			buildPhases = (
				61F65E0AC8C484548D3DE889 /* Sources */,
				177002246BAB6A9DCB9BDF21 /* Frameworks */,
			);
			buildRules = (
			);
			dependencies = (
			);
			name = "flint-cli";
			packageProductDependencies = (
				A315A8F6841829640E58BAA0 /* ArgumentParser */,
			);
			productName = "flint-cli";
			productReference = 29FA3805DF14D75E1E3EF894 /* flint-cli */;
			productType = "com.apple.product-type.tool";
		};
		A37D47302CDE6ECE00B2E727 /* Flint */ = {
			isa = PBXNativeTarget;
			buildConfigurationList = A37D47562CDE6ECF00B2E727 /* Build configuration list for PBXNativeTarget "Flint" */;
			buildPhases = (
				A37D472D2CDE6ECE00B2E727 /* Sources */,
				A37D472E2CDE6ECE00B2E727 /* Frameworks */,
				A37D472F2CDE6ECE00B2E727 /* Resources */,
				CE52A5DE1810062CD52906ED /* Embed CLI */,
				1835656EEE74FDF45A0E21CB /* Embed FlintMCP */,
			);
			buildRules = (
			);
			dependencies = (
				A16B130CA1D501A6748A0744 /* PBXTargetDependency */,
			);
			name = Flint;
			packageProductDependencies = (
				A37C396A2D5E4E3A003EBCC6 /* KeyboardShortcuts */,
			);
			productName = Flint;
			productReference = A37D47312CDE6ECE00B2E727 /* Flint.app */;
			productType = "com.apple.product-type.application";
		};
		A37D47412CDE6ECF00B2E727 /* FlintTests */ = {
			isa = PBXNativeTarget;
			buildConfigurationList = A37D47592CDE6ECF00B2E727 /* Build configuration list for PBXNativeTarget "FlintTests" */;
			buildPhases = (
				A37D473E2CDE6ECF00B2E727 /* Sources */,
				A37D473F2CDE6ECF00B2E727 /* Frameworks */,
				A37D47402CDE6ECF00B2E727 /* Resources */,
			);
			buildRules = (
			);
			dependencies = (
				A37D47442CDE6ECF00B2E727 /* PBXTargetDependency */,
			);
			name = FlintTests;
			productName = FlintTests;
			productReference = A37D47422CDE6ECF00B2E727 /* FlintTests.xctest */;
			productType = "com.apple.product-type.bundle.unit-test";
		};
		A37D474B2CDE6ECF00B2E727 /* FlintUITests */ = {
			isa = PBXNativeTarget;
			buildConfigurationList = A37D475C2CDE6ECF00B2E727 /* Build configuration list for PBXNativeTarget "FlintUITests" */;
			buildPhases = (
				A37D47482CDE6ECF00B2E727 /* Sources */,
				A37D47492CDE6ECF00B2E727 /* Frameworks */,
				A37D474A2CDE6ECF00B2E727 /* Resources */,
			);
			buildRules = (
			);
			dependencies = (
				A37D474E2CDE6ECF00B2E727 /* PBXTargetDependency */,
			);
			name = FlintUITests;
			productName = FlintUITests;
			productReference = A37D474C2CDE6ECF00B2E727 /* FlintUITests.xctest */;
			productType = "com.apple.product-type.bundle.ui-testing";
		};
/* End PBXNativeTarget section */

/* Begin PBXProject section */
		A37D47292CDE6ECE00B2E727 /* Project object */ = {
			isa = PBXProject;
			attributes = {
				BuildIndependentTargetsInParallel = 1;
				LastSwiftUpdateCheck = 1600;
				LastUpgradeCheck = 1600;
				TargetAttributes = {
					1994C2DA670F42D79CC7D9C3 = {
						CreatedOnToolsVersion = 16.0;
					};
					A37D47302CDE6ECE00B2E727 = {
						CreatedOnToolsVersion = 16.0;
					};
					A37D47412CDE6ECF00B2E727 = {
						CreatedOnToolsVersion = 16.0;
						TestTargetID = A37D47302CDE6ECE00B2E727;
					};
					A37D474B2CDE6ECF00B2E727 = {
						CreatedOnToolsVersion = 16.0;
						TestTargetID = A37D47302CDE6ECE00B2E727;
					};
				};
			};
			buildConfigurationList = A37D472C2CDE6ECE00B2E727 /* Build configuration list for PBXProject "Flint" */;
			compatibilityVersion = "Xcode 15.0";
			developmentRegion = en;
			hasScannedForEncodings = 0;
			knownRegions = (
				en,
				Base,
				"zh-Hant",
			);
			mainGroup = A37D47282CDE6ECE00B2E727;
			packageReferences = (
				A37C39692D5E4E3A003EBCC6 /* XCRemoteSwiftPackageReference "KeyboardShortcuts" */,
				3C3283FFE9253B53DD873E80 /* XCRemoteSwiftPackageReference "swift-argument-parser" */,
			);
			productRefGroup = A37D47322CDE6ECE00B2E727 /* Products */;
			projectDirPath = "";
			projectRoot = "";
			targets = (
				A37D47302CDE6ECE00B2E727 /* Flint */,
				A37D47412CDE6ECF00B2E727 /* FlintTests */,
				A37D474B2CDE6ECF00B2E727 /* FlintUITests */,
				1994C2DA670F42D79CC7D9C3 /* flint-cli */,
			);
		};
/* End PBXProject section */

/* Begin PBXResourcesBuildPhase section */
		A37D472F2CDE6ECE00B2E727 /* Resources */ = {
			isa = PBXResourcesBuildPhase;
			buildActionMask = 2147483647;
			files = (
				A37D473C2CDE6ECF00B2E727 /* Preview Assets.xcassets in Resources */,
				A37D47392CDE6ECF00B2E727 /* Assets.xcassets in Resources */,
				A30FF3962CE105880034F9DC /* markdownconfig.json in Resources */,
				A3B7BB772F72F2E400EAC25D /* flink-brands.icon in Resources */,
			);
			runOnlyForDeploymentPostprocessing = 0;
		};
		A37D47402CDE6ECF00B2E727 /* Resources */ = {
			isa = PBXResourcesBuildPhase;
			buildActionMask = 2147483647;
			files = (
			);
			runOnlyForDeploymentPostprocessing = 0;
		};
		A37D474A2CDE6ECF00B2E727 /* Resources */ = {
			isa = PBXResourcesBuildPhase;
			buildActionMask = 2147483647;
			files = (
			);
			runOnlyForDeploymentPostprocessing = 0;
		};
/* End PBXResourcesBuildPhase section */

/* Begin PBXShellScriptBuildPhase section */
		1835656EEE74FDF45A0E21CB /* Embed FlintMCP */ = {
			isa = PBXShellScriptBuildPhase;
			alwaysOutOfDate = 1;
			buildActionMask = 2147483647;
			files = (
			);
			inputFileListPaths = (
			);
			inputPaths = (
				"$(SRCROOT)/FlintMCP/dist/server.mjs",
			);
			name = "Embed FlintMCP";
			outputFileListPaths = (
			);
			outputPaths = (
				"$(BUILT_PRODUCTS_DIR)/$(PRODUCT_NAME).app/Contents/Resources/FlintMCP/server.mjs",
			);
			runOnlyForDeploymentPostprocessing = 0;
			shellPath = /bin/bash;
			shellScript = "SRC=\"${SRCROOT}/FlintMCP/dist/server.mjs\"\nMCP_DEST=\"${BUILT_PRODUCTS_DIR}/${PRODUCT_NAME}.app/Contents/Resources/FlintMCP\"\nmkdir -p \"$MCP_DEST\"\nif [ ! -f \"$SRC\" ]; then\n  rm -f \"$MCP_DEST/server.mjs\"\n  echo \"warning: FlintMCP/dist/server.mjs not found, skipping. Run 'cd FlintMCP && bun run build' to enable.\"\n  exit 0\nfi\ncp \"$SRC\" \"$MCP_DEST/\"\n";
		};
/* End PBXShellScriptBuildPhase section */

/* Begin PBXSourcesBuildPhase section */
		61F65E0AC8C484548D3DE889 /* Sources */ = {
			isa = PBXSourcesBuildPhase;
			buildActionMask = 2147483647;
			files = (
				5445373BFBA752410306AC58 /* main.swift in Sources */,
				DF7BDDBBD1B80D6D605630E6 /* CLIVersion.swift in Sources */,
				220EFCB870C04FEC9D62B014 /* CreateCommand.swift in Sources */,
				1B52CE4353B1985075CBD8BE /* ListCommand.swift in Sources */,
				F50BFF8562DB569AE90DA0FE /* SearchCommand.swift in Sources */,
				68BE676E62974C1F9C1FBF9B /* ReadCommand.swift in Sources */,
				386778058C71E1C59ADE4E6A /* EditCommand.swift in Sources */,
				E0D610EB457A358F69DCDA73 /* RemoveCommand.swift in Sources */,
				4BD372D836692CCBCBC5BAE2 /* StatusCommand.swift in Sources */,
				D070EFA941FDDF331340ED07 /* NoteResolver.swift in Sources */,
				6F10926902294D4C551A4DE4 /* FileManagerExtend.swift in Sources */,
				50AC18A8B8A29CDD05B500EB /* AutoUpdate.swift in Sources */,
			);
			runOnlyForDeploymentPostprocessing = 0;
		};
		A37D472D2CDE6ECE00B2E727 /* Sources */ = {
			isa = PBXSourcesBuildPhase;
			buildActionMask = 2147483647;
			files = (
				23D1A0C3E2EF4337B0AECE06 /* DesignSystemHelper.swift in Sources */,
				FC1DEC28000748A9AD5B9F44 /* VisualEffects.swift in Sources */,
				A37D47372CDE6ECE00B2E727 /* ContentView.swift in Sources */,
				A3717AC92CF600890073E925 /* FileManagerExtend.swift in Sources */,
				A3CB263D2D4543F50000D8E0 /* Summarize.swift in Sources */,
				A3F6F1A02D8ECA3800982367 /* AppStorageManager.swift in Sources */,
				A3A50DA62D3AB2FD00382A2A /* OnboardingWindowController.swift in Sources */,
				A3A50DA42D3AB27D00382A2A /* OnboardingView.swift in Sources */,
				A32036C12D56440D00803BE8 /* AppleScriptManager.swift in Sources */,
				A344E4852CF4D27B001DBF27 /* RecentNotesListView.swift in Sources */,
				A35E117E2CF9F65400EF949D /* AutoUpdate.swift in Sources */,
				A31138172D22D9A400E72E99 /* LoginManager.swift in Sources */,
				A3847FA62CFF3C3300722D35 /* SettingsListView.swift in Sources */,
				A37D47352CDE6ECE00B2E727 /* FlintApp.swift in Sources */,
				A37C396D2D5E501F003EBCC6 /* KeyboardShortcutNames.swift in Sources */,
				A398BF7F2D394A6D00187871 /* AppConfig.swift in Sources */,
				A30FF3902CE084E10034F9DC /* MainWindowController.swift in Sources */,
				A3B1E21E2CF3330700C75E71 /* SettingsView.swift in Sources */,
				A32671EC2CF8D15100162AF4 /* checkUpdates.swift in Sources */,
				A3B009EE2CF2EF020095F75C /* KeyEventHandler.swift in Sources */,
				A30FF3812CDFDA000034F9DC /* TitleBarView.swift in Sources */,
				A3TEXTM3TR1C52D93A1B00001 /* TextMetrics.swift in Sources */,
				A3INTENT2D910A0100000001 /* IntentModels.swift in Sources */,
				A3REMIND2D910A0100000001 /* ReminderService.swift in Sources */,
				A3NOTIFS2D910A0100000001 /* NotificationService.swift in Sources */,
				A3AICONF2D910A0100000001 /* AIConfirmationView.swift in Sources */,
			);
			runOnlyForDeploymentPostprocessing = 0;
		};
		A37D473E2CDE6ECF00B2E727 /* Sources */ = {
			isa = PBXSourcesBuildPhase;
			buildActionMask = 2147483647;
			files = (
				A37D47472CDE6ECF00B2E727 /* FlintTests.swift in Sources */,
			);
			runOnlyForDeploymentPostprocessing = 0;
		};
		A37D47482CDE6ECF00B2E727 /* Sources */ = {
			isa = PBXSourcesBuildPhase;
			buildActionMask = 2147483647;
			files = (
				A37D47512CDE6ECF00B2E727 /* FlintUITests.swift in Sources */,
				A37D47532CDE6ECF00B2E727 /* FlintUITestsLaunchTests.swift in Sources */,
			);
			runOnlyForDeploymentPostprocessing = 0;
		};
/* End PBXSourcesBuildPhase section */

/* Begin PBXTargetDependency section */
		A16B130CA1D501A6748A0744 /* PBXTargetDependency */ = {
			isa = PBXTargetDependency;
			name = "flint-cli";
			target = 1994C2DA670F42D79CC7D9C3 /* flint-cli */;
			targetProxy = 2A52D64D748C8E29AB0C256D /* PBXContainerItemProxy */;
		};
		A37D47442CDE6ECF00B2E727 /* PBXTargetDependency */ = {
			isa = PBXTargetDependency;
			target = A37D47302CDE6ECE00B2E727 /* Flint */;
			targetProxy = A37D47432CDE6ECF00B2E727 /* PBXContainerItemProxy */;
		};
		A37D474E2CDE6ECF00B2E727 /* PBXTargetDependency */ = {
			isa = PBXTargetDependency;
			target = A37D47302CDE6ECE00B2E727 /* Flint */;
			targetProxy = A37D474D2CDE6ECF00B2E727 /* PBXContainerItemProxy */;
		};
/* End PBXTargetDependency section */

/* Begin XCBuildConfiguration section */
		A37D47542CDE6ECF00B2E727 /* Debug */ = {
			isa = XCBuildConfiguration;
			buildSettings = {
				ALWAYS_SEARCH_USER_PATHS = NO;
				ASSETCATALOG_COMPILER_GENERATE_SWIFT_ASSET_SYMBOL_EXTENSIONS = YES;
				CLANG_ANALYZER_NONNULL = YES;
				CLANG_ANALYZER_NUMBER_OBJECT_CONVERSION = YES_AGGRESSIVE;
				CLANG_CXX_LANGUAGE_STANDARD = "gnu++20";
				CLANG_ENABLE_MODULES = YES;
				CLANG_ENABLE_OBJC_ARC = YES;
				CLANG_ENABLE_OBJC_WEAK = YES;
				CLANG_WARN_BLOCK_CAPTURE_AUTORELEASING = YES;
				CLANG_WARN_BOOL_CONVERSION = YES;
				CLANG_WARN_COMMA = YES;
				CLANG_WARN_CONSTANT_CONVERSION = YES;
				CLANG_WARN_DEPRECATED_OBJC_IMPLEMENTATIONS = YES;
				CLANG_WARN_DIRECT_OBJC_ISA_USAGE = YES_ERROR;
				CLANG_WARN_DOCUMENTATION_COMMENTS = YES;
				CLANG_WARN_EMPTY_BODY = YES;
				CLANG_WARN_ENUM_CONVERSION = YES;
				CLANG_WARN_INFINITE_RECURSION = YES;
				CLANG_WARN_INT_CONVERSION = YES;
				CLANG_WARN_NON_LITERAL_NULL_CONVERSION = YES;
				CLANG_WARN_OBJC_IMPLICIT_RETAIN_SELF = YES;
				CLANG_WARN_OBJC_LITERAL_CONVERSION = YES;
				CLANG_WARN_OBJC_ROOT_CLASS = YES_ERROR;
				CLANG_WARN_QUOTED_INCLUDE_IN_FRAMEWORK_HEADER = YES;
				CLANG_WARN_RANGE_LOOP_ANALYSIS = YES;
				CLANG_WARN_STRICT_PROTOTYPES = YES;
				CLANG_WARN_SUSPICIOUS_MOVE = YES;
				CLANG_WARN_UNGUARDED_AVAILABILITY = YES_AGGRESSIVE;
				CLANG_WARN_UNREACHABLE_CODE = YES;
				CLANG_WARN__DUPLICATE_METHOD_MATCH = YES;
				COPY_PHASE_STRIP = NO;
				DEAD_CODE_STRIPPING = YES;
				DEBUG_INFORMATION_FORMAT = dwarf;
				ENABLE_STRICT_OBJC_MSGSEND = YES;
				ENABLE_TESTABILITY = YES;
				ENABLE_USER_SCRIPT_SANDBOXING = NO;
				GCC_C_LANGUAGE_STANDARD = gnu17;
				GCC_DYNAMIC_NO_PIC = NO;
				GCC_NO_COMMON_BLOCKS = YES;
				GCC_OPTIMIZATION_LEVEL = 0;
				GCC_PREPROCESSOR_DEFINITIONS = (
					"DEBUG=1",
					"$(inherited)",
				);
				GCC_WARN_64_TO_32_BIT_CONVERSION = YES;
				GCC_WARN_ABOUT_RETURN_TYPE = YES_ERROR;
				GCC_WARN_UNDECLARED_SELECTOR = YES;
				GCC_WARN_UNINITIALIZED_AUTOS = YES_AGGRESSIVE;
				GCC_WARN_UNUSED_FUNCTION = YES;
				GCC_WARN_UNUSED_VARIABLE = YES;
				LOCALIZATION_PREFERS_STRING_CATALOGS = YES;
				MACOSX_DEPLOYMENT_TARGET = 15.0;
				MTL_ENABLE_DEBUG_INFO = INCLUDE_SOURCE;
				MTL_FAST_MATH = YES;
				ONLY_ACTIVE_ARCH = YES;
				SDKROOT = macosx;
				SWIFT_ACTIVE_COMPILATION_CONDITIONS = "DEBUG $(inherited)";
				SWIFT_OPTIMIZATION_LEVEL = "-Onone";
			};
			name = Debug;
		};
		A37D47552CDE6ECF00B2E727 /* Release */ = {
			isa = XCBuildConfiguration;
			buildSettings = {
				ALWAYS_SEARCH_USER_PATHS = NO;
				ASSETCATALOG_COMPILER_GENERATE_SWIFT_ASSET_SYMBOL_EXTENSIONS = YES;
				CLANG_ANALYZER_NONNULL = YES;
				CLANG_ANALYZER_NUMBER_OBJECT_CONVERSION = YES_AGGRESSIVE;
				CLANG_CXX_LANGUAGE_STANDARD = "gnu++20";
				CLANG_ENABLE_MODULES = YES;
				CLANG_ENABLE_OBJC_ARC = YES;
				CLANG_ENABLE_OBJC_WEAK = YES;
				CLANG_WARN_BLOCK_CAPTURE_AUTORELEASING = YES;
				CLANG_WARN_BOOL_CONVERSION = YES;
				CLANG_WARN_COMMA = YES;
				CLANG_WARN_CONSTANT_CONVERSION = YES;
				CLANG_WARN_DEPRECATED_OBJC_IMPLEMENTATIONS = YES;
				CLANG_WARN_DIRECT_OBJC_ISA_USAGE = YES_ERROR;
				CLANG_WARN_DOCUMENTATION_COMMENTS = YES;
				CLANG_WARN_EMPTY_BODY = YES;
				CLANG_WARN_ENUM_CONVERSION = YES;
				CLANG_WARN_INFINITE_RECURSION = YES;
				CLANG_WARN_INT_CONVERSION = YES;
				CLANG_WARN_NON_LITERAL_NULL_CONVERSION = YES;
				CLANG_WARN_OBJC_IMPLICIT_RETAIN_SELF = YES;
				CLANG_WARN_OBJC_LITERAL_CONVERSION = YES;
				CLANG_WARN_OBJC_ROOT_CLASS = YES_ERROR;
				CLANG_WARN_QUOTED_INCLUDE_IN_FRAMEWORK_HEADER = YES;
				CLANG_WARN_RANGE_LOOP_ANALYSIS = YES;
				CLANG_WARN_STRICT_PROTOTYPES = YES;
				CLANG_WARN_SUSPICIOUS_MOVE = YES;
				CLANG_WARN_UNGUARDED_AVAILABILITY = YES_AGGRESSIVE;
				CLANG_WARN_UNREACHABLE_CODE = YES;
				CLANG_WARN__DUPLICATE_METHOD_MATCH = YES;
				COPY_PHASE_STRIP = NO;
				DEAD_CODE_STRIPPING = YES;
				DEBUG_INFORMATION_FORMAT = "dwarf-with-dsym";
				ENABLE_NS_ASSERTIONS = NO;
				ENABLE_STRICT_OBJC_MSGSEND = YES;
				ENABLE_USER_SCRIPT_SANDBOXING = NO;
				GCC_C_LANGUAGE_STANDARD = gnu17;
				GCC_NO_COMMON_BLOCKS = YES;
				GCC_WARN_64_TO_32_BIT_CONVERSION = YES;
				GCC_WARN_ABOUT_RETURN_TYPE = YES_ERROR;
				GCC_WARN_UNDECLARED_SELECTOR = YES;
				GCC_WARN_UNINITIALIZED_AUTOS = YES_AGGRESSIVE;
				GCC_WARN_UNUSED_FUNCTION = YES;
				GCC_WARN_UNUSED_VARIABLE = YES;
				LOCALIZATION_PREFERS_STRING_CATALOGS = YES;
				MACOSX_DEPLOYMENT_TARGET = 15.0;
				MTL_ENABLE_DEBUG_INFO = NO;
				MTL_FAST_MATH = YES;
				SDKROOT = macosx;
				SWIFT_COMPILATION_MODE = wholemodule;
			};
			name = Release;
		};
		A37D47572CDE6ECF00B2E727 /* Debug */ = {
			isa = XCBuildConfiguration;
			buildSettings = {
				ASSETCATALOG_COMPILER_APPICON_NAME = "flink-brands";
				ASSETCATALOG_COMPILER_GLOBAL_ACCENT_COLOR_NAME = AccentColor;
				ASSETCATALOG_COMPILER_INCLUDE_ALL_APPICON_ASSETS = YES;
				CODE_SIGN_ENTITLEMENTS = "";
				"CODE_SIGN_IDENTITY[sdk=macosx*]" = "Apple Development";
				CODE_SIGN_STYLE = Automatic;
				COMBINE_HIDPI_IMAGES = YES;
				CURRENT_PROJECT_VERSION = 1;
				DEAD_CODE_STRIPPING = YES;
				DEVELOPMENT_ASSET_PATHS = "\"Flint/Preview Content\"";
				DEVELOPMENT_TEAM = 32RM54L485;
				ENABLE_HARDENED_RUNTIME = YES;
				ENABLE_PREVIEWS = YES;
				GENERATE_INFOPLIST_FILE = YES;
				INFOPLIST_FILE = "Flint-Info.plist";
				INFOPLIST_KEY_CFBundleDisplayName = Flint;
				INFOPLIST_KEY_NSHumanReadableCopyright = "";
				LD_RUNPATH_SEARCH_PATHS = (
					"$(inherited)",
					"@executable_path/../Frameworks",
				);
				MACOSX_DEPLOYMENT_TARGET = 14.6;
				MARKETING_VERSION = 0.9.24;
				PRODUCT_BUNDLE_IDENTIFIER = Flint;
				PRODUCT_NAME = "$(TARGET_NAME)";
				SWIFT_EMIT_LOC_STRINGS = YES;
				SWIFT_VERSION = 5.0;
			};
			name = Debug;
		};
		A37D47582CDE6ECF00B2E727 /* Release */ = {
			isa = XCBuildConfiguration;
			buildSettings = {
				ASSETCATALOG_COMPILER_APPICON_NAME = "flink-brands";
				ASSETCATALOG_COMPILER_GLOBAL_ACCENT_COLOR_NAME = AccentColor;
				ASSETCATALOG_COMPILER_INCLUDE_ALL_APPICON_ASSETS = YES;
				CODE_SIGN_ENTITLEMENTS = "";
				"CODE_SIGN_IDENTITY[sdk=macosx*]" = "Apple Development";
				CODE_SIGN_STYLE = Automatic;
				COMBINE_HIDPI_IMAGES = YES;
				CURRENT_PROJECT_VERSION = 1;
				DEAD_CODE_STRIPPING = YES;
				DEVELOPMENT_ASSET_PATHS = "\"Flint/Preview Content\"";
				DEVELOPMENT_TEAM = 32RM54L485;
				ENABLE_HARDENED_RUNTIME = YES;
				ENABLE_PREVIEWS = YES;
				GENERATE_INFOPLIST_FILE = YES;
				INFOPLIST_FILE = "Flint-Info.plist";
				INFOPLIST_KEY_CFBundleDisplayName = Flint;
				INFOPLIST_KEY_NSHumanReadableCopyright = "";
				LD_RUNPATH_SEARCH_PATHS = (
					"$(inherited)",
					"@executable_path/../Frameworks",
				);
				MACOSX_DEPLOYMENT_TARGET = 14.6;
				MARKETING_VERSION = 0.9.24;
				PRODUCT_BUNDLE_IDENTIFIER = Flint;
				PRODUCT_NAME = "$(TARGET_NAME)";
				SWIFT_EMIT_LOC_STRINGS = YES;
				SWIFT_VERSION = 5.0;
			};
			name = Release;
		};
		A37D475A2CDE6ECF00B2E727 /* Debug */ = {
			isa = XCBuildConfiguration;
			buildSettings = {
				BUNDLE_LOADER = "$(TEST_HOST)";
				CODE_SIGN_STYLE = Automatic;
				CURRENT_PROJECT_VERSION = 1;
				DEAD_CODE_STRIPPING = YES;
				DEVELOPMENT_TEAM = "";
				GENERATE_INFOPLIST_FILE = YES;
				MACOSX_DEPLOYMENT_TARGET = 15.0;
				MARKETING_VERSION = 0.9.24;
				PRODUCT_BUNDLE_IDENTIFIER = kii.FlintTests;
				PRODUCT_NAME = "$(TARGET_NAME)";
				SWIFT_EMIT_LOC_STRINGS = NO;
				SWIFT_VERSION = 5.0;
				TEST_HOST = "$(BUILT_PRODUCTS_DIR)/Flint.app/$(BUNDLE_EXECUTABLE_FOLDER_PATH)/Flint";
			};
			name = Debug;
		};
		A37D475B2CDE6ECF00B2E727 /* Release */ = {
			isa = XCBuildConfiguration;
			buildSettings = {
				BUNDLE_LOADER = "$(TEST_HOST)";
				CODE_SIGN_STYLE = Automatic;
				CURRENT_PROJECT_VERSION = 1;
				DEAD_CODE_STRIPPING = YES;
				DEVELOPMENT_TEAM = "";
				GENERATE_INFOPLIST_FILE = YES;
				MACOSX_DEPLOYMENT_TARGET = 15.0;
				MARKETING_VERSION = 0.9.24;
				PRODUCT_BUNDLE_IDENTIFIER = kii.FlintTests;
				PRODUCT_NAME = "$(TARGET_NAME)";
				SWIFT_EMIT_LOC_STRINGS = NO;
				SWIFT_VERSION = 5.0;
				TEST_HOST = "$(BUILT_PRODUCTS_DIR)/Flint.app/$(BUNDLE_EXECUTABLE_FOLDER_PATH)/Flint";
			};
			name = Release;
		};
		A37D475D2CDE6ECF00B2E727 /* Debug */ = {
			isa = XCBuildConfiguration;
			buildSettings = {
				CODE_SIGN_STYLE = Automatic;
				CURRENT_PROJECT_VERSION = 1;
				DEAD_CODE_STRIPPING = YES;
				DEVELOPMENT_TEAM = "";
				GENERATE_INFOPLIST_FILE = YES;
				MARKETING_VERSION = 0.9.24;
				PRODUCT_BUNDLE_IDENTIFIER = kii.FlintUITests;
				PRODUCT_NAME = "$(TARGET_NAME)";
				SWIFT_EMIT_LOC_STRINGS = NO;
				SWIFT_VERSION = 5.0;
				TEST_TARGET_NAME = Flint;
			};
			name = Debug;
		};
		A37D475E2CDE6ECF00B2E727 /* Release */ = {
			isa = XCBuildConfiguration;
			buildSettings = {
				CODE_SIGN_STYLE = Automatic;
				CURRENT_PROJECT_VERSION = 1;
				DEAD_CODE_STRIPPING = YES;
				DEVELOPMENT_TEAM = "";
				GENERATE_INFOPLIST_FILE = YES;
				MARKETING_VERSION = 0.9.24;
				PRODUCT_BUNDLE_IDENTIFIER = kii.FlintUITests;
				PRODUCT_NAME = "$(TARGET_NAME)";
				SWIFT_EMIT_LOC_STRINGS = NO;
				SWIFT_VERSION = 5.0;
				TEST_TARGET_NAME = Flint;
			};
			name = Release;
		};
		DE361FE0632DB0E57E121C8F /* Release */ = {
			isa = XCBuildConfiguration;
			buildSettings = {
				CODE_SIGN_STYLE = Automatic;
				CURRENT_PROJECT_VERSION = 1;
				DEAD_CODE_STRIPPING = YES;
				DEVELOPMENT_TEAM = 32RM54L485;
				MACOSX_DEPLOYMENT_TARGET = 14.6;
				MARKETING_VERSION = 0.9.24;
				PRODUCT_NAME = "flint-cli";
				SDKROOT = macosx;
				SWIFT_VERSION = 5.0;
			};
			name = Release;
		};
		F7C0B5BB2A3EAAD9CFAAF61F /* Debug */ = {
			isa = XCBuildConfiguration;
			buildSettings = {
				CODE_SIGN_STYLE = Automatic;
				CURRENT_PROJECT_VERSION = 1;
				DEAD_CODE_STRIPPING = YES;
				DEVELOPMENT_TEAM = 32RM54L485;
				MACOSX_DEPLOYMENT_TARGET = 14.6;
				MARKETING_VERSION = 0.9.24;
				PRODUCT_NAME = "flint-cli";
				SDKROOT = macosx;
				SWIFT_VERSION = 5.0;
			};
			name = Debug;
		};
/* End XCBuildConfiguration section */

/* Begin XCConfigurationList section */
		93E7146BFE5E20EDD153D864 /* Build configuration list for PBXNativeTarget "flint-cli" */ = {
			isa = XCConfigurationList;
			buildConfigurations = (
				DE361FE0632DB0E57E121C8F /* Release */,
				F7C0B5BB2A3EAAD9CFAAF61F /* Debug */,
			);
			defaultConfigurationIsVisible = 0;
			defaultConfigurationName = Release;
		};
		A37D472C2CDE6ECE00B2E727 /* Build configuration list for PBXProject "Flint" */ = {
			isa = XCConfigurationList;
			buildConfigurations = (
				A37D47542CDE6ECF00B2E727 /* Debug */,
				A37D47552CDE6ECF00B2E727 /* Release */,
			);
			defaultConfigurationIsVisible = 0;
			defaultConfigurationName = Release;
		};
		A37D47562CDE6ECF00B2E727 /* Build configuration list for PBXNativeTarget "Flint" */ = {
			isa = XCConfigurationList;
			buildConfigurations = (
				A37D47572CDE6ECF00B2E727 /* Debug */,
				A37D47582CDE6ECF00B2E727 /* Release */,
			);
			defaultConfigurationIsVisible = 0;
			defaultConfigurationName = Release;
		};
		A37D47592CDE6ECF00B2E727 /* Build configuration list for PBXNativeTarget "FlintTests" */ = {
			isa = XCConfigurationList;
			buildConfigurations = (
				A37D475A2CDE6ECF00B2E727 /* Debug */,
				A37D475B2CDE6ECF00B2E727 /* Release */,
			);
			defaultConfigurationIsVisible = 0;
			defaultConfigurationName = Release;
		};
		A37D475C2CDE6ECF00B2E727 /* Build configuration list for PBXNativeTarget "FlintUITests" */ = {
			isa = XCConfigurationList;
			buildConfigurations = (
				A37D475D2CDE6ECF00B2E727 /* Debug */,
				A37D475E2CDE6ECF00B2E727 /* Release */,
			);
			defaultConfigurationIsVisible = 0;
			defaultConfigurationName = Release;
		};
/* End XCConfigurationList section */

/* Begin XCRemoteSwiftPackageReference section */
		3C3283FFE9253B53DD873E80 /* XCRemoteSwiftPackageReference "swift-argument-parser" */ = {
			isa = XCRemoteSwiftPackageReference;
			repositoryURL = "https://github.com/apple/swift-argument-parser";
			requirement = {
				kind = upToNextMajorVersion;
				minimumVersion = 1.5.0;
			};
		};
		A37C39692D5E4E3A003EBCC6 /* XCRemoteSwiftPackageReference "KeyboardShortcuts" */ = {
			isa = XCRemoteSwiftPackageReference;
			repositoryURL = "https://github.com/sindresorhus/KeyboardShortcuts";
			requirement = {
				kind = upToNextMajorVersion;
				minimumVersion = 2.2.4;
			};
		};
/* End XCRemoteSwiftPackageReference section */

/* Begin XCSwiftPackageProductDependency section */
		A315A8F6841829640E58BAA0 /* ArgumentParser */ = {
			isa = XCSwiftPackageProductDependency;
			package = 3C3283FFE9253B53DD873E80 /* XCRemoteSwiftPackageReference "swift-argument-parser" */;
			productName = ArgumentParser;
		};
		A37C396A2D5E4E3A003EBCC6 /* KeyboardShortcuts */ = {
			isa = XCSwiftPackageProductDependency;
			package = A37C39692D5E4E3A003EBCC6 /* XCRemoteSwiftPackageReference "KeyboardShortcuts" */;
			productName = KeyboardShortcuts;
		};
/* End XCSwiftPackageProductDependency section */
	};
	rootObject = A37D47292CDE6ECE00B2E727 /* Project object */;
}
